
Microsoft Visual Studio Solution File, Format Version 12.00
# Visual Studio 14
VisualStudioVersion = 14.0.25420.1
MinimumVisualStudioVersion = 10.0.40219.1
Project("{FAE04EC0-301F-11D3-BF4B-00C04F79EFBC}") = "SampleClassLibrary", "SampleClassLibrary\SampleClassLibrary.csproj", "{A2B76B3D-84EC-413B-B798-4C38AA44353A}"
EndProject
Project("{FAE04EC0-301F-11D3-BF4B-00C04F79EFBC}") = "CodeGeneration", "CodeGeneration\CodeGeneration.csproj", "{557421C3-11BA-48C5-8FC8-01CBC38A236C}"
EndProject
Project("{FAE04EC0-301F-11D3-BF4B-00C04F79EFBC}") = "T4Templates", "T4Templates\T4Templates.csproj", "{46C5DA89-6290-4ED8-82EA-2798701B6DE7}"
EndProject
Project("{FAE04EC0-301F-11D3-BF4B-00C04F79EFBC}") = "ConsoleApplication", "ConsoleApplication\ConsoleApplication.csproj", "{920BBB47-C2F4-43E3-8156-38A70469F47B}"
EndProject
Global
	GlobalSection(SolutionConfigurationPlatforms) = preSolution
		Debug|Any CPU = Debug|Any CPU
		Release|Any CPU = Release|Any CPU
	EndGlobalSection
	GlobalSection(ProjectConfigurationPlatforms) = postSolution
		{A2B76B3D-84EC-413B-B798-4C38AA44353A}.Debug|Any CPU.ActiveCfg = Debug|Any CPU
		{A2B76B3D-84EC-413B-B798-4C38AA44353A}.Debug|Any CPU.Build.0 = Debug|Any CPU
		{A2B76B3D-84EC-413B-B798-4C38AA44353A}.Release|Any CPU.ActiveCfg = Release|Any CPU
		{A2B76B3D-84EC-413B-B798-4C38AA44353A}.Release|Any CPU.Build.0 = Release|Any CPU
		{557421C3-11BA-48C5-8FC8-01CBC38A236C}.Debug|Any CPU.ActiveCfg = Debug|Any CPU
		{557421C3-11BA-48C5-8FC8-01CBC38A236C}.Debug|Any CPU.Build.0 = Debug|Any CPU
		{557421C3-11BA-48C5-8FC8-01CBC38A236C}.Release|Any CPU.ActiveCfg = Release|Any CPU
		{557421C3-11BA-48C5-8FC8-01CBC38A236C}.Release|Any CPU.Build.0 = Release|Any CPU
		{46C5DA89-6290-4ED8-82EA-2798701B6DE7}.Debug|Any CPU.ActiveCfg = Debug|Any CPU
		{46C5DA89-6290-4ED8-82EA-2798701B6DE7}.Debug|Any CPU.Build.0 = Debug|Any CPU
		{46C5DA89-6290-4ED8-82EA-2798701B6DE7}.Release|Any CPU.ActiveCfg = Release|Any CPU
		{46C5DA89-6290-4ED8-82EA-2798701B6DE7}.Release|Any CPU.Build.0 = Release|Any CPU
		{920BBB47-C2F4-43E3-8156-38A70469F47B}.Debug|Any CPU.ActiveCfg = Debug|Any CPU
		{920BBB47-C2F4-43E3-8156-38A70469F47B}.Debug|Any CPU.Build.0 = Debug|Any CPU
		{920BBB47-C2F4-43E3-8156-38A70469F47B}.Release|Any CPU.ActiveCfg = Release|Any CPU
		{920BBB47-C2F4-43E3-8156-38A70469F47B}.Release|Any CPU.Build.0 = Release|Any CPU
	EndGlobalSection
	GlobalSection(SolutionProperties) = preSolution
		HideSolutionNode = FALSE
	EndGlobalSection
EndGlobal
